
Microsoft Visual Studio Solution File, Format Version 12.00
# Visual Studio 15
VisualStudioVersion = 15.0.28307.271
MinimumVisualStudioVersion = 10.0.40219.1
Project("{FAE04EC0-301F-11D3-BF4B-00C04F79EFBC}") = "LemonadeStand", "LemonadeStand\LemonadeStand.csproj", "{7ECF1DF7-17AB-45CA-B219-8AA247F31330}"
EndProject
Project("{FAE04EC0-301F-11D3-BF4B-00C04F79EFBC}") = "lemonadestandtesting.UnitTests", "lemonadestandtesting.UnitTests\lemonadestandtesting.UnitTests.csproj", "{1AB4DC03-AE1D-4742-B2E5-14FC1E253B8E}"
EndProject
Global
	GlobalSection(SolutionConfigurationPlatforms) = preSolution
		Debug|Any CPU = Debug|Any CPU
		Release|Any CPU = Release|Any CPU
	EndGlobalSection
	GlobalSection(ProjectConfigurationPlatforms) = postSolution
		{7ECF1DF7-17AB-45CA-B219-8AA247F31330}.Debug|Any CPU.ActiveCfg = Debug|Any CPU
		{7ECF1DF7-17AB-45CA-B219-8AA247F31330}.Debug|Any CPU.Build.0 = Debug|Any CPU
		{7ECF1DF7-17AB-45CA-B219-8AA247F31330}.Release|Any CPU.ActiveCfg = Release|Any CPU
		{7ECF1DF7-17AB-45CA-B219-8AA247F31330}.Release|Any CPU.Build.0 = Release|Any CPU
		{1AB4DC03-AE1D-4742-B2E5-14FC1E253B8E}.Debug|Any CPU.ActiveCfg = Debug|Any CPU
		{1AB4DC03-AE1D-4742-B2E5-14FC1E253B8E}.Debug|Any CPU.Build.0 = Debug|Any CPU
		{1AB4DC03-AE1D-4742-B2E5-14FC1E253B8E}.Release|Any CPU.ActiveCfg = Release|Any CPU
		{1AB4DC03-AE1D-4742-B2E5-14FC1E253B8E}.Release|Any CPU.Build.0 = Release|Any CPU
	EndGlobalSection
	GlobalSection(SolutionProperties) = preSolution
		HideSolutionNode = FALSE
	EndGlobalSection
	GlobalSection(ExtensibilityGlobals) = postSolution
		SolutionGuid = {D353C0D9-A5A7-4B62-A6F4-3EB5059A4A5D}
	EndGlobalSection
EndGlobal
